{
  "version": 4,
  "terraform_version": "0.13.5",
  "serial": 31,
  "lineage": "5857ae8d-c6b1-6db8-9ed3-cd2465b8c68a",
  "outputs": {},
  "resources": [
    {
      "mode": "data",
      "type": "okta_group",
      "name": "AGENTHQ_member",
      "provider": "provider[\"registry.terraform.io/oktadeveloper/okta\"]",
      "instances": [
        {
          "schema_version": 0,
          "attributes": {
            "description": "Group for AgentHQ users",
            "id": "00g11vi50sxvZLeQ50h8",
            "include_users": false,
            "name": "AGENTHQ",
            "users": []
          }
        }
      ]
    },
    {
      "mode": "data",
      "type": "okta_policy",
      "name": "MFA_policy",
      "provider": "provider[\"registry.terraform.io/oktadeveloper/okta\"]",
      "instances": [
        {
          "schema_version": 0,
          "attributes": {
            "id": "00p11vi5y3kAdIxDQ0h8",
            "name": "AGENTHQ MFA",
            "type": "MFA_ENROLL"
          }
        }
      ]
    },
    {
      "mode": "data",
      "type": "okta_policy",
      "name": "SignOn_policy",
      "provider": "provider[\"registry.terraform.io/oktadeveloper/okta\"]",
      "instances": [
        {
          "schema_version": 0,
          "attributes": {
            "id": "00p11vih94zwspFoe0h8",
            "name": "AGENTHQ Signon",
            "type": "OKTA_SIGN_ON"
          }
        }
      ]
    },
    {
      "mode": "managed",
      "type": "okta_factor",
      "name": "oktaverify",
      "provider": "provider[\"registry.terraform.io/oktadeveloper/okta\"]",
      "instances": [
        {
          "schema_version": 0,
          "attributes": {
            "active": true,
            "id": "okta_push",
            "provider_id": "okta_push"
          },
          "private": "bnVsbA=="
        }
      ]
    },
    {
      "mode": "managed",
      "type": "okta_factor",
      "name": "sms",
      "provider": "provider[\"registry.terraform.io/oktadeveloper/okta\"]",
      "instances": [
        {
          "schema_version": 0,
          "attributes": {
            "active": true,
            "id": "okta_sms",
            "provider_id": "okta_sms"
          },
          "private": "bnVsbA=="
        }
      ]
    },
    {
      "mode": "managed",
      "type": "okta_group",
      "name": "AGENTHQ",
      "provider": "provider[\"registry.terraform.io/oktadeveloper/okta\"]",
      "instances": [
        {
          "schema_version": 0,
          "attributes": {
            "description": "Group for AgentHQ users",
            "id": "00g11vi50sxvZLeQ50h8",
            "name": "AGENTHQ",
            "users": null
          },
          "private": "bnVsbA=="
        }
      ]
    },
    {
      "mode": "managed",
      "type": "okta_policy_mfa",
      "name": "AGENTHQ_MFA",
      "provider": "provider[\"registry.terraform.io/oktadeveloper/okta\"]",
      "instances": [
        {
          "schema_version": 0,
          "attributes": {
            "description": "MFA policy for AGENTHQ",
            "duo": null,
            "fido_u2f": null,
            "fido_webauthn": null,
            "google_otp": null,
            "groups_included": [
              "00g11vi50sxvZLeQ50h8"
            ],
            "id": "00p11vi5y3kAdIxDQ0h8",
            "name": "AGENTHQ MFA",
            "okta_call": {},
            "okta_otp": {
              "enroll": "OPTIONAL"
            },
            "okta_password": null,
            "okta_push": {
              "enroll": "OPTIONAL"
            },
            "okta_question": null,
            "okta_sms": {
              "enroll": "OPTIONAL"
            },
            "priority": 2,
            "rsa_token": null,
            "status": "ACTIVE",
            "symantec_vip": null,
            "yubikey_token": null
          },
          "private": "bnVsbA==",
          "dependencies": [
            "data.okta_group.AGENTHQ_member"
          ]
        }
      ]
    },
    {
      "mode": "managed",
      "type": "okta_policy_rule_mfa",
      "name": "AGENTHQ_MFA_Rule",
      "provider": "provider[\"registry.terraform.io/oktadeveloper/okta\"]",
      "instances": [
        {
          "schema_version": 0,
          "attributes": {
            "enroll": "LOGIN",
            "id": "0pr11vichhuHbhWM40h8",
            "name": "AGENTHQ MFA Rule",
            "network_connection": "ANYWHERE",
            "network_excludes": [],
            "network_includes": [],
            "policyid": "00p11vi5y3kAdIxDQ0h8",
            "priority": 1,
            "status": "ACTIVE",
            "users_excluded": []
          },
          "private": "bnVsbA==",
          "dependencies": [
            "data.okta_policy.MFA_policy"
          ]
        }
      ]
    },
    {
      "mode": "managed",
      "type": "okta_policy_rule_signon",
      "name": "AGENTHQ_Signon_Rule",
      "provider": "provider[\"registry.terraform.io/oktadeveloper/okta\"]",
      "instances": [
        {
          "schema_version": 0,
          "attributes": {
            "access": "ALLOW",
            "authtype": "ANY",
            "id": "0pr11vidiszXDLhAJ0h8",
            "mfa_lifetime": 0,
            "mfa_prompt": "ALWAYS",
            "mfa_remember_device": false,
            "mfa_required": true,
            "name": "AGENTHQ Policy Rule",
            "network_connection": "ANYWHERE",
            "network_excludes": [],
            "network_includes": [],
            "policyid": "00p11vih94zwspFoe0h8",
            "priority": 1,
            "session_idle": 120,
            "session_lifetime": 120,
            "session_persistent": false,
            "status": "ACTIVE",
            "users_excluded": []
          },
          "private": "bnVsbA==",
          "dependencies": [
            "data.okta_policy.SignOn_policy"
          ]
        }
      ]
    },
    {
      "mode": "managed",
      "type": "okta_policy_signon",
      "name": "AGENTHQ_Signon",
      "provider": "provider[\"registry.terraform.io/oktadeveloper/okta\"]",
      "instances": [
        {
          "schema_version": 0,
          "attributes": {
            "description": "Sign on policy for agenthq",
            "groups_included": [
              "00g11vi50sxvZLeQ50h8"
            ],
            "id": "00p11vih94zwspFoe0h8",
            "name": "AGENTHQ Signon",
            "priority": 2,
            "status": "ACTIVE"
          },
          "private": "bnVsbA==",
          "dependencies": [
            "data.okta_group.AGENTHQ_member"
          ]
        }
      ]
    }
  ]
}
